
Microsoft Visual Studio Solution File, Format Version 12.00
# Visual Studio Version 16
VisualStudioVersion = 16.0.29905.134
MinimumVisualStudioVersion = 10.0.40219.1
Project("{FAE04EC0-301F-11D3-BF4B-00C04F79EFBC}") = "Calculator release 2", "Calculator release 2\Calculator release 2.csproj", "{80FCFD83-C9D3-4161-A396-47F5A37A7F45}"
EndProject
Global
	GlobalSection(SolutionConfigurationPlatforms) = preSolution
		Debug|Any CPU = Debug|Any CPU
		Release|Any CPU = Release|Any CPU
	EndGlobalSection
	GlobalSection(ProjectConfigurationPlatforms) = postSolution
		{80FCFD83-C9D3-4161-A396-47F5A37A7F45}.Debug|Any CPU.ActiveCfg = Debug|Any CPU
		{80FCFD83-C9D3-4161-A396-47F5A37A7F45}.Debug|Any CPU.Build.0 = Debug|Any CPU
		{80FCFD83-C9D3-4161-A396-47F5A37A7F45}.Release|Any CPU.ActiveCfg = Release|Any CPU
		{80FCFD83-C9D3-4161-A396-47F5A37A7F45}.Release|Any CPU.Build.0 = Release|Any CPU
	EndGlobalSection
	GlobalSection(SolutionProperties) = preSolution
		HideSolutionNode = FALSE
	EndGlobalSection
	GlobalSection(ExtensibilityGlobals) = postSolution
		SolutionGuid = {637BBE47-E27D-42EA-9D14-B3631CFE9CB2}
	EndGlobalSection
EndGlobal
